
Microsoft Visual Studio Solution File, Format Version 12.00
# Visual Studio Version 17
VisualStudioVersion = 17.2.32630.192
MinimumVisualStudioVersion = 10.0.40219.1
Project("{FAE04EC0-301F-11D3-BF4B-00C04F79EFBC}") = "SimpleSqlLib", "SimpleSqlLib\SimpleSqlLib.csproj", "{707197E1-4096-4207-88FC-8C750D4F2834}"
EndProject
Global
	GlobalSection(SolutionConfigurationPlatforms) = preSolution
		Debug|Any CPU = Debug|Any CPU
		Release|Any CPU = Release|Any CPU
	EndGlobalSection
	GlobalSection(ProjectConfigurationPlatforms) = postSolution
		{707197E1-4096-4207-88FC-8C750D4F2834}.Debug|Any CPU.ActiveCfg = Debug|Any CPU
		{707197E1-4096-4207-88FC-8C750D4F2834}.Debug|Any CPU.Build.0 = Debug|Any CPU
		{707197E1-4096-4207-88FC-8C750D4F2834}.Release|Any CPU.ActiveCfg = Release|Any CPU
		{707197E1-4096-4207-88FC-8C750D4F2834}.Release|Any CPU.Build.0 = Release|Any CPU
	EndGlobalSection
	GlobalSection(SolutionProperties) = preSolution
		HideSolutionNode = FALSE
	EndGlobalSection
	GlobalSection(ExtensibilityGlobals) = postSolution
		SolutionGuid = {BE3CDAE4-1DCE-47EF-A906-2DFC306E74A1}
	EndGlobalSection
EndGlobal
